
Microsoft Visual Studio Solution File, Format Version 12.00
# Visual Studio 14
VisualStudioVersion = 14.0.25420.1
MinimumVisualStudioVersion = 10.0.40219.1
Project("{2150E333-8FDC-42A3-9474-1A3956D46DE8}") = "0. Modeling", "0. Modeling", "{2C071EDA-50C2-45C3-B565-DAEA2D2295A0}"
EndProject
Project("{2150E333-8FDC-42A3-9474-1A3956D46DE8}") = "1. Presentation", "1. Presentation", "{574E440C-369E-4228-A964-4B31F5D1B6A8}"
EndProject
Project("{2150E333-8FDC-42A3-9474-1A3956D46DE8}") = "2. Distribution Services", "2. Distribution Services", "{36D52940-681C-4C3F-A048-883ADB587BAD}"
EndProject
Project("{2150E333-8FDC-42A3-9474-1A3956D46DE8}") = "3. Application", "3. Application", "{4A1BBF80-D399-490A-B2F5-0B4B562D1432}"
EndProject
Project("{2150E333-8FDC-42A3-9474-1A3956D46DE8}") = "4. Domain", "4. Domain", "{CE306DE1-1A64-4874-A536-A59164C6BE5A}"
EndProject
Project("{2150E333-8FDC-42A3-9474-1A3956D46DE8}") = "5. Infraestructure", "5. Infraestructure", "{EA5982F8-2A09-484D-973E-53755FDC4275}"
EndProject
Project("{2150E333-8FDC-42A3-9474-1A3956D46DE8}") = "5.1. Data Access", "5.1. Data Access", "{5EDABF14-61A7-4C52-9CF5-37FA04CC9C1B}"
EndProject
Project("{2150E333-8FDC-42A3-9474-1A3956D46DE8}") = "5.2. Security", "5.2. Security", "{38116A84-9DEA-46AB-9748-B07644DD0AC9}"
EndProject
Project("{2150E333-8FDC-42A3-9474-1A3956D46DE8}") = "5.3. Communication", "5.3. Communication", "{824319AC-CC07-4B56-BA3F-2B510FE01B24}"
EndProject
Project("{FAE04EC0-301F-11D3-BF4B-00C04F79EFBC}") = "org.company.demo.repository", "org.company.demo.repository\org.company.demo.repository.csproj", "{58C48344-05E0-4F33-AD92-FE9D92AB6686}"
EndProject
Project("{FAE04EC0-301F-11D3-BF4B-00C04F79EFBC}") = "org.company.demo.domain", "org.company.demo.domain\org.company.demo.domain.csproj", "{F6217348-0BD5-4B1D-9269-6FF291C4F75B}"
EndProject
Project("{FAE04EC0-301F-11D3-BF4B-00C04F79EFBC}") = "org.company.demo.communication", "org.company.demo.communication\org.company.demo.communication.csproj", "{EDE34621-A873-4FED-938F-F268DE6A3861}"
EndProject
Project("{FAE04EC0-301F-11D3-BF4B-00C04F79EFBC}") = "org.company.demo.application", "org.company.demo.application\org.company.demo.application.csproj", "{E92F1831-8FD1-467D-A517-A0D0C9657C50}"
EndProject
Project("{FAE04EC0-301F-11D3-BF4B-00C04F79EFBC}") = "org.company.demo.service", "org.company.demo.service\org.company.demo.service.csproj", "{529797B9-EDE1-42A4-9288-4B3188C2453F}"
EndProject
Project("{FAE04EC0-301F-11D3-BF4B-00C04F79EFBC}") = "org.company.demo.entities", "org.company.demo.entities\org.company.demo.entities.csproj", "{281A75BB-D090-4BB4-A582-4E6A1160F130}"
EndProject
Global
	GlobalSection(SolutionConfigurationPlatforms) = preSolution
		Debug|Any CPU = Debug|Any CPU
		Release|Any CPU = Release|Any CPU
	EndGlobalSection
	GlobalSection(ProjectConfigurationPlatforms) = postSolution
		{58C48344-05E0-4F33-AD92-FE9D92AB6686}.Debug|Any CPU.ActiveCfg = Debug|Any CPU
		{58C48344-05E0-4F33-AD92-FE9D92AB6686}.Debug|Any CPU.Build.0 = Debug|Any CPU
		{58C48344-05E0-4F33-AD92-FE9D92AB6686}.Release|Any CPU.ActiveCfg = Release|Any CPU
		{58C48344-05E0-4F33-AD92-FE9D92AB6686}.Release|Any CPU.Build.0 = Release|Any CPU
		{F6217348-0BD5-4B1D-9269-6FF291C4F75B}.Debug|Any CPU.ActiveCfg = Debug|Any CPU
		{F6217348-0BD5-4B1D-9269-6FF291C4F75B}.Debug|Any CPU.Build.0 = Debug|Any CPU
		{F6217348-0BD5-4B1D-9269-6FF291C4F75B}.Release|Any CPU.ActiveCfg = Release|Any CPU
		{F6217348-0BD5-4B1D-9269-6FF291C4F75B}.Release|Any CPU.Build.0 = Release|Any CPU
		{EDE34621-A873-4FED-938F-F268DE6A3861}.Debug|Any CPU.ActiveCfg = Debug|Any CPU
		{EDE34621-A873-4FED-938F-F268DE6A3861}.Debug|Any CPU.Build.0 = Debug|Any CPU
		{EDE34621-A873-4FED-938F-F268DE6A3861}.Release|Any CPU.ActiveCfg = Release|Any CPU
		{EDE34621-A873-4FED-938F-F268DE6A3861}.Release|Any CPU.Build.0 = Release|Any CPU
		{E92F1831-8FD1-467D-A517-A0D0C9657C50}.Debug|Any CPU.ActiveCfg = Debug|Any CPU
		{E92F1831-8FD1-467D-A517-A0D0C9657C50}.Debug|Any CPU.Build.0 = Debug|Any CPU
		{E92F1831-8FD1-467D-A517-A0D0C9657C50}.Release|Any CPU.ActiveCfg = Release|Any CPU
		{E92F1831-8FD1-467D-A517-A0D0C9657C50}.Release|Any CPU.Build.0 = Release|Any CPU
		{529797B9-EDE1-42A4-9288-4B3188C2453F}.Debug|Any CPU.ActiveCfg = Debug|Any CPU
		{529797B9-EDE1-42A4-9288-4B3188C2453F}.Debug|Any CPU.Build.0 = Debug|Any CPU
		{529797B9-EDE1-42A4-9288-4B3188C2453F}.Release|Any CPU.ActiveCfg = Release|Any CPU
		{529797B9-EDE1-42A4-9288-4B3188C2453F}.Release|Any CPU.Build.0 = Release|Any CPU
		{281A75BB-D090-4BB4-A582-4E6A1160F130}.Debug|Any CPU.ActiveCfg = Debug|Any CPU
		{281A75BB-D090-4BB4-A582-4E6A1160F130}.Debug|Any CPU.Build.0 = Debug|Any CPU
		{281A75BB-D090-4BB4-A582-4E6A1160F130}.Release|Any CPU.ActiveCfg = Release|Any CPU
		{281A75BB-D090-4BB4-A582-4E6A1160F130}.Release|Any CPU.Build.0 = Release|Any CPU
	EndGlobalSection
	GlobalSection(SolutionProperties) = preSolution
		HideSolutionNode = FALSE
	EndGlobalSection
	GlobalSection(NestedProjects) = preSolution
		{5EDABF14-61A7-4C52-9CF5-37FA04CC9C1B} = {EA5982F8-2A09-484D-973E-53755FDC4275}
		{38116A84-9DEA-46AB-9748-B07644DD0AC9} = {EA5982F8-2A09-484D-973E-53755FDC4275}
		{824319AC-CC07-4B56-BA3F-2B510FE01B24} = {EA5982F8-2A09-484D-973E-53755FDC4275}
		{58C48344-05E0-4F33-AD92-FE9D92AB6686} = {5EDABF14-61A7-4C52-9CF5-37FA04CC9C1B}
		{F6217348-0BD5-4B1D-9269-6FF291C4F75B} = {CE306DE1-1A64-4874-A536-A59164C6BE5A}
		{EDE34621-A873-4FED-938F-F268DE6A3861} = {824319AC-CC07-4B56-BA3F-2B510FE01B24}
		{E92F1831-8FD1-467D-A517-A0D0C9657C50} = {4A1BBF80-D399-490A-B2F5-0B4B562D1432}
		{529797B9-EDE1-42A4-9288-4B3188C2453F} = {36D52940-681C-4C3F-A048-883ADB587BAD}
		{281A75BB-D090-4BB4-A582-4E6A1160F130} = {CE306DE1-1A64-4874-A536-A59164C6BE5A}
	EndGlobalSection
EndGlobal
