
Microsoft Visual Studio Solution File, Format Version 12.00
# Visual Studio 14
VisualStudioVersion = 14.0.25420.1
MinimumVisualStudioVersion = 10.0.40219.1
Project("{2150E333-8FDC-42A3-9474-1A3956D46DE8}") = "0. Modeling", "0. Modeling", "{2C071EDA-50C2-45C3-B565-DAEA2D2295A0}"
EndProject
Project("{2150E333-8FDC-42A3-9474-1A3956D46DE8}") = "1. Presentation", "1. Presentation", "{574E440C-369E-4228-A964-4B31F5D1B6A8}"
EndProject
Project("{2150E333-8FDC-42A3-9474-1A3956D46DE8}") = "2. Distribution Services", "2. Distribution Services", "{36D52940-681C-4C3F-A048-883ADB587BAD}"
EndProject
Project("{2150E333-8FDC-42A3-9474-1A3956D46DE8}") = "3. Application", "3. Application", "{4A1BBF80-D399-490A-B2F5-0B4B562D1432}"
EndProject
Project("{2150E333-8FDC-42A3-9474-1A3956D46DE8}") = "4. Domain", "4. Domain", "{CE306DE1-1A64-4874-A536-A59164C6BE5A}"
EndProject
Project("{2150E333-8FDC-42A3-9474-1A3956D46DE8}") = "5. Infraestructure", "5. Infraestructure", "{EA5982F8-2A09-484D-973E-53755FDC4275}"
EndProject
Project("{2150E333-8FDC-42A3-9474-1A3956D46DE8}") = "5.1. Repository", "5.1. Repository", "{5EDABF14-61A7-4C52-9CF5-37FA04CC9C1B}"
EndProject
Project("{2150E333-8FDC-42A3-9474-1A3956D46DE8}") = "5.2.1. Security", "5.2.1. Security", "{38116A84-9DEA-46AB-9748-B07644DD0AC9}"
EndProject
Project("{2150E333-8FDC-42A3-9474-1A3956D46DE8}") = "5.2.2. Communication", "5.2.2. Communication", "{824319AC-CC07-4B56-BA3F-2B510FE01B24}"
EndProject
Project("{2150E333-8FDC-42A3-9474-1A3956D46DE8}") = "5.2. Cross Cutting", "5.2. Cross Cutting", "{EF8CC3C5-B523-4C9F-8335-F703C8B3141B}"
EndProject
Project("{2150E333-8FDC-42A3-9474-1A3956D46DE8}") = "5.3. Database", "5.3. Database", "{F90EA994-BB95-4F59-8C13-7093BD9B0BBE}"
EndProject
Project("{00D1A9C2-B5F0-4AF3-8072-F6C62B433612}") = "org.company.order.database", "org.company.order.database\org.company.order.database.sqlproj", "{5E1FADB6-0953-4267-B080-2D8A926AFEE7}"
EndProject
Project("{8BB2217D-0F2D-49D1-97BC-3654ED321F3B}") = "org.company.order.coreweb", "org.company.order.coreweb\org.company.order.coreweb.xproj", "{B72982F0-8789-4F7C-9626-638070BD83E7}"
EndProject
Project("{8BB2217D-0F2D-49D1-97BC-3654ED321F3B}") = "org.company.order.communication", "org.company.order.communication\org.company.order.communication.xproj", "{E079EE37-93AB-4735-BAAC-712A2C8251CE}"
EndProject
Project("{8BB2217D-0F2D-49D1-97BC-3654ED321F3B}") = "org.company.order.repository", "org.company.order.repository\org.company.order.repository.xproj", "{7310AFA7-0434-4012-8C82-9B75CCBB07C2}"
EndProject
Project("{8BB2217D-0F2D-49D1-97BC-3654ED321F3B}") = "org.company.order.domain", "org.company.order.domain\org.company.order.domain.xproj", "{69458408-B1CE-4623-9B8D-35647F105E25}"
EndProject
Project("{8BB2217D-0F2D-49D1-97BC-3654ED321F3B}") = "org.company.order.entities", "org.company.order.entities\org.company.order.entities.xproj", "{B3218190-A988-45C6-BE70-1CFD98A25837}"
EndProject
Project("{8BB2217D-0F2D-49D1-97BC-3654ED321F3B}") = "org.company.order.application", "org.company.order.application\org.company.order.application.xproj", "{3D2C4603-1FD8-447F-86CE-4B32B6DF56E0}"
EndProject
Project("{8BB2217D-0F2D-49D1-97BC-3654ED321F3B}") = "org.company.order.service", "org.company.order.service\org.company.order.service.xproj", "{567973E5-CA62-4776-93DE-679AA72CC1C5}"
EndProject
Project("{8BB2217D-0F2D-49D1-97BC-3654ED321F3B}") = "org.company.security.core", "org.company.security.core\org.company.security.core.xproj", "{1CDD16E4-8902-4D77-A855-F334F672D072}"
EndProject
Global
	GlobalSection(SolutionConfigurationPlatforms) = preSolution
		Debug|Any CPU = Debug|Any CPU
		Release|Any CPU = Release|Any CPU
	EndGlobalSection
	GlobalSection(ProjectConfigurationPlatforms) = postSolution
		{5E1FADB6-0953-4267-B080-2D8A926AFEE7}.Debug|Any CPU.ActiveCfg = Debug|Any CPU
		{5E1FADB6-0953-4267-B080-2D8A926AFEE7}.Debug|Any CPU.Build.0 = Debug|Any CPU
		{5E1FADB6-0953-4267-B080-2D8A926AFEE7}.Debug|Any CPU.Deploy.0 = Debug|Any CPU
		{5E1FADB6-0953-4267-B080-2D8A926AFEE7}.Release|Any CPU.ActiveCfg = Release|Any CPU
		{5E1FADB6-0953-4267-B080-2D8A926AFEE7}.Release|Any CPU.Build.0 = Release|Any CPU
		{5E1FADB6-0953-4267-B080-2D8A926AFEE7}.Release|Any CPU.Deploy.0 = Release|Any CPU
		{B72982F0-8789-4F7C-9626-638070BD83E7}.Debug|Any CPU.ActiveCfg = Debug|Any CPU
		{B72982F0-8789-4F7C-9626-638070BD83E7}.Debug|Any CPU.Build.0 = Debug|Any CPU
		{B72982F0-8789-4F7C-9626-638070BD83E7}.Release|Any CPU.ActiveCfg = Release|Any CPU
		{B72982F0-8789-4F7C-9626-638070BD83E7}.Release|Any CPU.Build.0 = Release|Any CPU
		{E079EE37-93AB-4735-BAAC-712A2C8251CE}.Debug|Any CPU.ActiveCfg = Debug|Any CPU
		{E079EE37-93AB-4735-BAAC-712A2C8251CE}.Debug|Any CPU.Build.0 = Debug|Any CPU
		{E079EE37-93AB-4735-BAAC-712A2C8251CE}.Release|Any CPU.ActiveCfg = Release|Any CPU
		{E079EE37-93AB-4735-BAAC-712A2C8251CE}.Release|Any CPU.Build.0 = Release|Any CPU
		{7310AFA7-0434-4012-8C82-9B75CCBB07C2}.Debug|Any CPU.ActiveCfg = Debug|Any CPU
		{7310AFA7-0434-4012-8C82-9B75CCBB07C2}.Debug|Any CPU.Build.0 = Debug|Any CPU
		{7310AFA7-0434-4012-8C82-9B75CCBB07C2}.Release|Any CPU.ActiveCfg = Release|Any CPU
		{7310AFA7-0434-4012-8C82-9B75CCBB07C2}.Release|Any CPU.Build.0 = Release|Any CPU
		{69458408-B1CE-4623-9B8D-35647F105E25}.Debug|Any CPU.ActiveCfg = Debug|Any CPU
		{69458408-B1CE-4623-9B8D-35647F105E25}.Debug|Any CPU.Build.0 = Debug|Any CPU
		{69458408-B1CE-4623-9B8D-35647F105E25}.Release|Any CPU.ActiveCfg = Release|Any CPU
		{69458408-B1CE-4623-9B8D-35647F105E25}.Release|Any CPU.Build.0 = Release|Any CPU
		{B3218190-A988-45C6-BE70-1CFD98A25837}.Debug|Any CPU.ActiveCfg = Debug|Any CPU
		{B3218190-A988-45C6-BE70-1CFD98A25837}.Debug|Any CPU.Build.0 = Debug|Any CPU
		{B3218190-A988-45C6-BE70-1CFD98A25837}.Release|Any CPU.ActiveCfg = Release|Any CPU
		{B3218190-A988-45C6-BE70-1CFD98A25837}.Release|Any CPU.Build.0 = Release|Any CPU
		{3D2C4603-1FD8-447F-86CE-4B32B6DF56E0}.Debug|Any CPU.ActiveCfg = Debug|Any CPU
		{3D2C4603-1FD8-447F-86CE-4B32B6DF56E0}.Debug|Any CPU.Build.0 = Debug|Any CPU
		{3D2C4603-1FD8-447F-86CE-4B32B6DF56E0}.Release|Any CPU.ActiveCfg = Release|Any CPU
		{3D2C4603-1FD8-447F-86CE-4B32B6DF56E0}.Release|Any CPU.Build.0 = Release|Any CPU
		{567973E5-CA62-4776-93DE-679AA72CC1C5}.Debug|Any CPU.ActiveCfg = Debug|Any CPU
		{567973E5-CA62-4776-93DE-679AA72CC1C5}.Debug|Any CPU.Build.0 = Debug|Any CPU
		{567973E5-CA62-4776-93DE-679AA72CC1C5}.Release|Any CPU.ActiveCfg = Release|Any CPU
		{567973E5-CA62-4776-93DE-679AA72CC1C5}.Release|Any CPU.Build.0 = Release|Any CPU
		{1CDD16E4-8902-4D77-A855-F334F672D072}.Debug|Any CPU.ActiveCfg = Debug|Any CPU
		{1CDD16E4-8902-4D77-A855-F334F672D072}.Debug|Any CPU.Build.0 = Debug|Any CPU
		{1CDD16E4-8902-4D77-A855-F334F672D072}.Release|Any CPU.ActiveCfg = Release|Any CPU
		{1CDD16E4-8902-4D77-A855-F334F672D072}.Release|Any CPU.Build.0 = Release|Any CPU
	EndGlobalSection
	GlobalSection(SolutionProperties) = preSolution
		HideSolutionNode = FALSE
	EndGlobalSection
	GlobalSection(NestedProjects) = preSolution
		{5EDABF14-61A7-4C52-9CF5-37FA04CC9C1B} = {EA5982F8-2A09-484D-973E-53755FDC4275}
		{38116A84-9DEA-46AB-9748-B07644DD0AC9} = {EF8CC3C5-B523-4C9F-8335-F703C8B3141B}
		{824319AC-CC07-4B56-BA3F-2B510FE01B24} = {EF8CC3C5-B523-4C9F-8335-F703C8B3141B}
		{EF8CC3C5-B523-4C9F-8335-F703C8B3141B} = {EA5982F8-2A09-484D-973E-53755FDC4275}
		{F90EA994-BB95-4F59-8C13-7093BD9B0BBE} = {EA5982F8-2A09-484D-973E-53755FDC4275}
		{5E1FADB6-0953-4267-B080-2D8A926AFEE7} = {F90EA994-BB95-4F59-8C13-7093BD9B0BBE}
		{B72982F0-8789-4F7C-9626-638070BD83E7} = {574E440C-369E-4228-A964-4B31F5D1B6A8}
		{E079EE37-93AB-4735-BAAC-712A2C8251CE} = {824319AC-CC07-4B56-BA3F-2B510FE01B24}
		{7310AFA7-0434-4012-8C82-9B75CCBB07C2} = {5EDABF14-61A7-4C52-9CF5-37FA04CC9C1B}
		{69458408-B1CE-4623-9B8D-35647F105E25} = {CE306DE1-1A64-4874-A536-A59164C6BE5A}
		{B3218190-A988-45C6-BE70-1CFD98A25837} = {CE306DE1-1A64-4874-A536-A59164C6BE5A}
		{3D2C4603-1FD8-447F-86CE-4B32B6DF56E0} = {4A1BBF80-D399-490A-B2F5-0B4B562D1432}
		{567973E5-CA62-4776-93DE-679AA72CC1C5} = {36D52940-681C-4C3F-A048-883ADB587BAD}
		{1CDD16E4-8902-4D77-A855-F334F672D072} = {38116A84-9DEA-46AB-9748-B07644DD0AC9}
	EndGlobalSection
EndGlobal
